
Microsoft Visual Studio Solution File, Format Version 12.00
# Visual Studio Version 17
VisualStudioVersion = 17.2.32602.215
MinimumVisualStudioVersion = 10.0.40219.1
Project("{FAE04EC0-301F-11D3-BF4B-00C04F79EFBC}") = "Server462", "Server462.csproj", "{57820DDD-56C6-4376-B586-83A00FC8D7CF}"
EndProject
Global
	GlobalSection(SolutionConfigurationPlatforms) = preSolution
		Debug|Any CPU = Debug|Any CPU
		Release|Any CPU = Release|Any CPU
	EndGlobalSection
	GlobalSection(ProjectConfigurationPlatforms) = postSolution
		{57820DDD-56C6-4376-B586-83A00FC8D7CF}.Debug|Any CPU.ActiveCfg = Debug|Any CPU
		{57820DDD-56C6-4376-B586-83A00FC8D7CF}.Debug|Any CPU.Build.0 = Debug|Any CPU
		{57820DDD-56C6-4376-B586-83A00FC8D7CF}.Release|Any CPU.ActiveCfg = Release|Any CPU
		{57820DDD-56C6-4376-B586-83A00FC8D7CF}.Release|Any CPU.Build.0 = Release|Any CPU
	EndGlobalSection
	GlobalSection(SolutionProperties) = preSolution
		HideSolutionNode = FALSE
	EndGlobalSection
	GlobalSection(ExtensibilityGlobals) = postSolution
		SolutionGuid = {CB5824BD-8409-426E-9E73-0DFA513FA6D4}
	EndGlobalSection
EndGlobal
